
Microsoft Visual Studio Solution File, Format Version 12.00
# Visual Studio 14
VisualStudioVersion = 14.0.25420.1
MinimumVisualStudioVersion = 10.0.40219.1
Project("{FAE04EC0-301F-11D3-BF4B-00C04F79EFBC}") = "PipesX", "PipesX\PipesX.csproj", "{7A37042C-6A92-4BD8-8FDD-1186C3D4A9E4}"
EndProject
Project("{FAE04EC0-301F-11D3-BF4B-00C04F79EFBC}") = "PipesX.Child", "PipesX.Child\PipesX.Child.csproj", "{778526B4-2CD7-4FFC-95E9-DAAAAD7A9512}"
EndProject
Project("{FAE04EC0-301F-11D3-BF4B-00C04F79EFBC}") = "PipesX.Parent", "PipesX.Parent\PipesX.Parent.csproj", "{61B8799D-FA45-43DA-9897-A246A158F444}"
EndProject
Project("{2150E333-8FDC-42A3-9474-1A3956D46DE8}") = "Test.Anonymous.Pipe", "Test.Anonymous.Pipe", "{50003891-AA53-432D-A892-B878E18C075D}"
EndProject
Project("{FAE04EC0-301F-11D3-BF4B-00C04F79EFBC}") = "Anonymous.Client", "Anonymous.Client\Anonymous.Client.csproj", "{2582167F-D24A-4099-B27F-47F9A8D2B641}"
EndProject
Project("{FAE04EC0-301F-11D3-BF4B-00C04F79EFBC}") = "Anonymous.Server", "Anonymous.Server\Anonymous.Server.csproj", "{962E45E9-16EA-42C8-9F3B-9F02F1C3BC20}"
EndProject
Project("{2150E333-8FDC-42A3-9474-1A3956D46DE8}") = "Test.Named.Pipe", "Test.Named.Pipe", "{3B980E67-8383-4E46-A99D-A8288E89AA42}"
EndProject
Project("{FAE04EC0-301F-11D3-BF4B-00C04F79EFBC}") = "Named.Server", "Named.Server\Named.Server.csproj", "{A9886B8D-41AA-476B-8C9F-AAC5E505671D}"
EndProject
Project("{FAE04EC0-301F-11D3-BF4B-00C04F79EFBC}") = "Named.Client", "Named.Client\Named.Client.csproj", "{E0B440C8-33A4-4B59-A7FC-A969DDD05233}"
EndProject
Project("{2150E333-8FDC-42A3-9474-1A3956D46DE8}") = "Test.Message.Pipe", "Test.Message.Pipe", "{C71F256B-D5D6-404F-A8AA-488A0E702A5D}"
EndProject
Project("{FAE04EC0-301F-11D3-BF4B-00C04F79EFBC}") = "Message.Server", "Message.Server\Message.Server.csproj", "{23DC7619-C9E5-4BEE-A611-852379EDBF69}"
EndProject
Project("{FAE04EC0-301F-11D3-BF4B-00C04F79EFBC}") = "Message.Client", "Message.Client\Message.Client.csproj", "{CE1434EB-3EA9-4928-824E-A1A6AE7831A6}"
EndProject
Global
	GlobalSection(SolutionConfigurationPlatforms) = preSolution
		Debug|Any CPU = Debug|Any CPU
		Release|Any CPU = Release|Any CPU
	EndGlobalSection
	GlobalSection(ProjectConfigurationPlatforms) = postSolution
		{7A37042C-6A92-4BD8-8FDD-1186C3D4A9E4}.Debug|Any CPU.ActiveCfg = Debug|Any CPU
		{7A37042C-6A92-4BD8-8FDD-1186C3D4A9E4}.Debug|Any CPU.Build.0 = Debug|Any CPU
		{7A37042C-6A92-4BD8-8FDD-1186C3D4A9E4}.Release|Any CPU.ActiveCfg = Release|Any CPU
		{7A37042C-6A92-4BD8-8FDD-1186C3D4A9E4}.Release|Any CPU.Build.0 = Release|Any CPU
		{778526B4-2CD7-4FFC-95E9-DAAAAD7A9512}.Debug|Any CPU.ActiveCfg = Debug|Any CPU
		{778526B4-2CD7-4FFC-95E9-DAAAAD7A9512}.Debug|Any CPU.Build.0 = Debug|Any CPU
		{778526B4-2CD7-4FFC-95E9-DAAAAD7A9512}.Release|Any CPU.ActiveCfg = Release|Any CPU
		{778526B4-2CD7-4FFC-95E9-DAAAAD7A9512}.Release|Any CPU.Build.0 = Release|Any CPU
		{61B8799D-FA45-43DA-9897-A246A158F444}.Debug|Any CPU.ActiveCfg = Debug|Any CPU
		{61B8799D-FA45-43DA-9897-A246A158F444}.Debug|Any CPU.Build.0 = Debug|Any CPU
		{61B8799D-FA45-43DA-9897-A246A158F444}.Release|Any CPU.ActiveCfg = Release|Any CPU
		{61B8799D-FA45-43DA-9897-A246A158F444}.Release|Any CPU.Build.0 = Release|Any CPU
		{2582167F-D24A-4099-B27F-47F9A8D2B641}.Debug|Any CPU.ActiveCfg = Debug|Any CPU
		{2582167F-D24A-4099-B27F-47F9A8D2B641}.Debug|Any CPU.Build.0 = Debug|Any CPU
		{2582167F-D24A-4099-B27F-47F9A8D2B641}.Release|Any CPU.ActiveCfg = Release|Any CPU
		{2582167F-D24A-4099-B27F-47F9A8D2B641}.Release|Any CPU.Build.0 = Release|Any CPU
		{962E45E9-16EA-42C8-9F3B-9F02F1C3BC20}.Debug|Any CPU.ActiveCfg = Debug|Any CPU
		{962E45E9-16EA-42C8-9F3B-9F02F1C3BC20}.Debug|Any CPU.Build.0 = Debug|Any CPU
		{962E45E9-16EA-42C8-9F3B-9F02F1C3BC20}.Release|Any CPU.ActiveCfg = Release|Any CPU
		{962E45E9-16EA-42C8-9F3B-9F02F1C3BC20}.Release|Any CPU.Build.0 = Release|Any CPU
		{A9886B8D-41AA-476B-8C9F-AAC5E505671D}.Debug|Any CPU.ActiveCfg = Debug|Any CPU
		{A9886B8D-41AA-476B-8C9F-AAC5E505671D}.Debug|Any CPU.Build.0 = Debug|Any CPU
		{A9886B8D-41AA-476B-8C9F-AAC5E505671D}.Release|Any CPU.ActiveCfg = Release|Any CPU
		{A9886B8D-41AA-476B-8C9F-AAC5E505671D}.Release|Any CPU.Build.0 = Release|Any CPU
		{E0B440C8-33A4-4B59-A7FC-A969DDD05233}.Debug|Any CPU.ActiveCfg = Debug|Any CPU
		{E0B440C8-33A4-4B59-A7FC-A969DDD05233}.Debug|Any CPU.Build.0 = Debug|Any CPU
		{E0B440C8-33A4-4B59-A7FC-A969DDD05233}.Release|Any CPU.ActiveCfg = Release|Any CPU
		{E0B440C8-33A4-4B59-A7FC-A969DDD05233}.Release|Any CPU.Build.0 = Release|Any CPU
		{23DC7619-C9E5-4BEE-A611-852379EDBF69}.Debug|Any CPU.ActiveCfg = Debug|Any CPU
		{23DC7619-C9E5-4BEE-A611-852379EDBF69}.Debug|Any CPU.Build.0 = Debug|Any CPU
		{23DC7619-C9E5-4BEE-A611-852379EDBF69}.Release|Any CPU.ActiveCfg = Release|Any CPU
		{23DC7619-C9E5-4BEE-A611-852379EDBF69}.Release|Any CPU.Build.0 = Release|Any CPU
		{CE1434EB-3EA9-4928-824E-A1A6AE7831A6}.Debug|Any CPU.ActiveCfg = Debug|Any CPU
		{CE1434EB-3EA9-4928-824E-A1A6AE7831A6}.Debug|Any CPU.Build.0 = Debug|Any CPU
		{CE1434EB-3EA9-4928-824E-A1A6AE7831A6}.Release|Any CPU.ActiveCfg = Release|Any CPU
		{CE1434EB-3EA9-4928-824E-A1A6AE7831A6}.Release|Any CPU.Build.0 = Release|Any CPU
	EndGlobalSection
	GlobalSection(SolutionProperties) = preSolution
		HideSolutionNode = FALSE
	EndGlobalSection
	GlobalSection(NestedProjects) = preSolution
		{2582167F-D24A-4099-B27F-47F9A8D2B641} = {50003891-AA53-432D-A892-B878E18C075D}
		{962E45E9-16EA-42C8-9F3B-9F02F1C3BC20} = {50003891-AA53-432D-A892-B878E18C075D}
		{A9886B8D-41AA-476B-8C9F-AAC5E505671D} = {3B980E67-8383-4E46-A99D-A8288E89AA42}
		{E0B440C8-33A4-4B59-A7FC-A969DDD05233} = {3B980E67-8383-4E46-A99D-A8288E89AA42}
		{23DC7619-C9E5-4BEE-A611-852379EDBF69} = {C71F256B-D5D6-404F-A8AA-488A0E702A5D}
		{CE1434EB-3EA9-4928-824E-A1A6AE7831A6} = {C71F256B-D5D6-404F-A8AA-488A0E702A5D}
	EndGlobalSection
EndGlobal
